// !$*UTF8*$!
{
	archiveVersion = 1;
	classes = {
	};
	objectVersion = 46;
	objects = {

/* Begin PBXBuildFile section */
		149873CD1D5AEB610039ADF7 /* AppDelegate.swift in Sources */ = {isa = PBXBuildFile; fileRef = 149873CC1D5AEB610039ADF7 /* AppDelegate.swift */; };
		149873CF1D5AEB610039ADF7 /* ViewController.swift in Sources */ = {isa = PBXBuildFile; fileRef = 149873CE1D5AEB610039ADF7 /* ViewController.swift */; };
		149873D21D5AEB610039ADF7 /* Main.storyboard in Resources */ = {isa = PBXBuildFile; fileRef = 149873D01D5AEB610039ADF7 /* Main.storyboard */; };
		149873D41D5AEB610039ADF7 /* Assets.xcassets in Resources */ = {isa = PBXBuildFile; fileRef = 149873D31D5AEB610039ADF7 /* Assets.xcassets */; };
		149873D71D5AEB610039ADF7 /* LaunchScreen.storyboard in Resources */ = {isa = PBXBuildFile; fileRef = 149873D51D5AEB610039ADF7 /* LaunchScreen.storyboard */; };
/* End PBXBuildFile section */

/* Begin PBXFileReference section */
		149873C91D5AEB610039ADF7 /* TortoiseDemo.app */ = {isa = PBXFileReference; explicitFileType = wrapper.application; includeInIndex = 0; path = TortoiseDemo.app; sourceTree = BUILT_PRODUCTS_DIR; };
		149873CC1D5AEB610039ADF7 /* AppDelegate.swift */ = {isa = PBXFileReference; lastKnownFileType = sourcecode.swift; path = AppDelegate.swift; sourceTree = "<group>"; };
		149873CE1D5AEB610039ADF7 /* ViewController.swift */ = {isa = PBXFileReference; lastKnownFileType = sourcecode.swift; path = ViewController.swift; sourceTree = "<group>"; };
		149873D11D5AEB610039ADF7 /* Base */ = {isa = PBXFileReference; lastKnownFileType = file.storyboard; name = Base; path = Base.lproj/Main.storyboard; sourceTree = "<group>"; };
		149873D31D5AEB610039ADF7 /* Assets.xcassets */ = {isa = PBXFileReference; lastKnownFileType = folder.assetcatalog; path = Assets.xcassets; sourceTree = "<group>"; };
		149873D61D5AEB610039ADF7 /* Base */ = {isa = PBXFileReference; lastKnownFileType = file.storyboard; name = Base; path = Base.lproj/LaunchScreen.storyboard; sourceTree = "<group>"; };
		149873D81D5AEB610039ADF7 /* Info.plist */ = {isa = PBXFileReference; lastKnownFileType = text.plist.xml; path = Info.plist; sourceTree = "<group>"; };
/* End PBXFileReference section */

/* Begin PBXFrameworksBuildPhase section */
		149873C61D5AEB610039ADF7 /* Frameworks */ = {
			isa = PBXFrameworksBuildPhase;
			buildActionMask = 2147483647;
			files = (
			);
			runOnlyForDeploymentPostprocessing = 0;
		};
/* End PBXFrameworksBuildPhase section */

/* Begin PBXGroup section */
		149873C01D5AEB610039ADF7 = {
			isa = PBXGroup;
			children = (
				149873CB1D5AEB610039ADF7 /* TortoiseDemo */,
				149873CA1D5AEB610039ADF7 /* Products */,
			);
			sourceTree = "<group>";
		};
		149873CA1D5AEB610039ADF7 /* Products */ = {
			isa = PBXGroup;
			children = (
				149873C91D5AEB610039ADF7 /* TortoiseDemo.app */,
			);
			name = Products;
			sourceTree = "<group>";
		};
		149873CB1D5AEB610039ADF7 /* TortoiseDemo */ = {
			isa = PBXGroup;
			children = (
				149873CC1D5AEB610039ADF7 /* AppDelegate.swift */,
				149873CE1D5AEB610039ADF7 /* ViewController.swift */,
				149873D01D5AEB610039ADF7 /* Main.storyboard */,
				149873D31D5AEB610039ADF7 /* Assets.xcassets */,
				149873D51D5AEB610039ADF7 /* LaunchScreen.storyboard */,
				149873D81D5AEB610039ADF7 /* Info.plist */,
			);
			path = TortoiseDemo;
			sourceTree = "<group>";
		};
/* End PBXGroup section */

/* Begin PBXNativeTarget section */
		149873C81D5AEB610039ADF7 /* TortoiseDemo */ = {
			isa = PBXNativeTarget;
			buildConfigurationList = 149873DB1D5AEB610039ADF7 /* Build configuration list for PBXNativeTarget "TortoiseDemo" */;
			buildPhases = (
				149873C51D5AEB610039ADF7 /* Sources */,
				149873C61D5AEB610039ADF7 /* Frameworks */,
				149873C71D5AEB610039ADF7 /* Resources */,
			);
			buildRules = (
			);
			dependencies = (
			);
			name = TortoiseDemo;
			productName = TortoiseDemo;
			productReference = 149873C91D5AEB610039ADF7 /* TortoiseDemo.app */;
			productType = "com.apple.product-type.application";
		};
/* End PBXNativeTarget section */

/* Begin PBXProject section */
		149873C11D5AEB610039ADF7 /* Project object */ = {
			isa = PBXProject;
			attributes = {
				LastSwiftUpdateCheck = 0800;
				LastUpgradeCheck = 0800;
				ORGANIZATIONNAME = temoki;
				TargetAttributes = {
					149873C81D5AEB610039ADF7 = {
						CreatedOnToolsVersion = 8.0;
						ProvisioningStyle = Automatic;
					};
				};
			};
			buildConfigurationList = 149873C41D5AEB610039ADF7 /* Build configuration list for PBXProject "TortoiseDemo" */;
			compatibilityVersion = "Xcode 3.2";
			developmentRegion = English;
			hasScannedForEncodings = 0;
			knownRegions = (
				en,
				Base,
			);
			mainGroup = 149873C01D5AEB610039ADF7;
			productRefGroup = 149873CA1D5AEB610039ADF7 /* Products */;
			projectDirPath = "";
			projectRoot = "";
			targets = (
				149873C81D5AEB610039ADF7 /* TortoiseDemo */,
			);
		};
/* End PBXProject section */

/* Begin PBXResourcesBuildPhase section */
		149873C71D5AEB610039ADF7 /* Resources */ = {
			isa = PBXResourcesBuildPhase;
			buildActionMask = 2147483647;
			files = (
				149873D71D5AEB610039ADF7 /* LaunchScreen.storyboard in Resources */,
				149873D41D5AEB610039ADF7 /* Assets.xcassets in Resources */,
				149873D21D5AEB610039ADF7 /* Main.storyboard in Resources */,
			);
			runOnlyForDeploymentPostprocessing = 0;
		};
/* End PBXResourcesBuildPhase section */

/* Begin PBXSourcesBuildPhase section */
		149873C51D5AEB610039ADF7 /* Sources */ = {
			isa = PBXSourcesBuildPhase;
			buildActionMask = 2147483647;
			files = (
				149873CF1D5AEB610039ADF7 /* ViewController.swift in Sources */,
				149873CD1D5AEB610039ADF7 /* AppDelegate.swift in Sources */,
			);
			runOnlyForDeploymentPostprocessing = 0;
		};
/* End PBXSourcesBuildPhase section */

/* Begin PBXVariantGroup section */
		149873D01D5AEB610039ADF7 /* Main.storyboard */ = {
			isa = PBXVariantGroup;
			children = (
				149873D11D5AEB610039ADF7 /* Base */,
			);
			name = Main.storyboard;
			sourceTree = "<group>";
		};
		149873D51D5AEB610039ADF7 /* LaunchScreen.storyboard */ = {
			isa = PBXVariantGroup;
			children = (
				149873D61D5AEB610039ADF7 /* Base */,
			);
			name = LaunchScreen.storyboard;
			sourceTree = "<group>";
		};
/* End PBXVariantGroup section */

/* Begin XCBuildConfiguration section */
		149873D91D5AEB610039ADF7 /* Debug */ = {
			isa = XCBuildConfiguration;
			buildSettings = {
				ALWAYS_SEARCH_USER_PATHS = NO;
				CLANG_ANALYZER_NONNULL = YES;
				CLANG_CXX_LANGUAGE_STANDARD = "gnu++0x";
				CLANG_CXX_LIBRARY = "libc++";
				CLANG_ENABLE_MODULES = YES;
				CLANG_ENABLE_OBJC_ARC = YES;
				CLANG_WARN_BOOL_CONVERSION = YES;
				CLANG_WARN_CONSTANT_CONVERSION = YES;
				CLANG_WARN_DIRECT_OBJC_ISA_USAGE = YES_ERROR;
				CLANG_WARN_DOCUMENTATION_COMMENTS = YES;
				CLANG_WARN_EMPTY_BODY = YES;
				CLANG_WARN_ENUM_CONVERSION = YES;
				CLANG_WARN_INT_CONVERSION = YES;
				CLANG_WARN_OBJC_ROOT_CLASS = YES_ERROR;
				CLANG_WARN_UNREACHABLE_CODE = YES;
				CLANG_WARN__DUPLICATE_METHOD_MATCH = YES;
				"CODE_SIGN_IDENTITY[sdk=iphoneos*]" = "iPhone Developer";
				COPY_PHASE_STRIP = NO;
				DEBUG_INFORMATION_FORMAT = dwarf;
				ENABLE_STRICT_OBJC_MSGSEND = YES;
				ENABLE_TESTABILITY = YES;
				GCC_C_LANGUAGE_STANDARD = gnu99;
				GCC_DYNAMIC_NO_PIC = NO;
				GCC_NO_COMMON_BLOCKS = YES;
				GCC_OPTIMIZATION_LEVEL = 0;
				GCC_PREPROCESSOR_DEFINITIONS = (
					"DEBUG=1",
					"$(inherited)",
				);
				GCC_WARN_64_TO_32_BIT_CONVERSION = YES;
				GCC_WARN_ABOUT_RETURN_TYPE = YES_ERROR;
				GCC_WARN_UNDECLARED_SELECTOR = YES;
				GCC_WARN_UNINITIALIZED_AUTOS = YES_AGGRESSIVE;
				GCC_WARN_UNUSED_FUNCTION = YES;
				GCC_WARN_UNUSED_VARIABLE = YES;
				IPHONEOS_DEPLOYMENT_TARGET = 10.0;
				MTL_ENABLE_DEBUG_INFO = YES;
				ONLY_ACTIVE_ARCH = YES;
				SDKROOT = iphoneos;
				SWIFT_ACTIVE_COMPILATION_CONDITIONS = DEBUG;
				SWIFT_OPTIMIZATION_LEVEL = "-Onone";
				TARGETED_DEVICE_FAMILY = "1,2";
			};
			name = Debug;
		};
		149873DA1D5AEB610039ADF7 /* Release */ = {
			isa = XCBuildConfiguration;
			buildSettings = {
				ALWAYS_SEARCH_USER_PATHS = NO;
				CLANG_ANALYZER_NONNULL = YES;
				CLANG_CXX_LANGUAGE_STANDARD = "gnu++0x";
				CLANG_CXX_LIBRARY = "libc++";
				CLANG_ENABLE_MODULES = YES;
				CLANG_ENABLE_OBJC_ARC = YES;
				CLANG_WARN_BOOL_CONVERSION = YES;
				CLANG_WARN_CONSTANT_CONVERSION = YES;
				CLANG_WARN_DIRECT_OBJC_ISA_USAGE = YES_ERROR;
				CLANG_WARN_DOCUMENTATION_COMMENTS = YES;
				CLANG_WARN_EMPTY_BODY = YES;
				CLANG_WARN_ENUM_CONVERSION = YES;
				CLANG_WARN_INT_CONVERSION = YES;
				CLANG_WARN_OBJC_ROOT_CLASS = YES_ERROR;
				CLANG_WARN_UNREACHABLE_CODE = YES;
				CLANG_WARN__DUPLICATE_METHOD_MATCH = YES;
				"CODE_SIGN_IDENTITY[sdk=iphoneos*]" = "iPhone Developer";
				COPY_PHASE_STRIP = NO;
				DEBUG_INFORMATION_FORMAT = "dwarf-with-dsym";
				ENABLE_NS_ASSERTIONS = NO;
				ENABLE_STRICT_OBJC_MSGSEND = YES;
				GCC_C_LANGUAGE_STANDARD = gnu99;
				GCC_NO_COMMON_BLOCKS = YES;
				GCC_WARN_64_TO_32_BIT_CONVERSION = YES;
				GCC_WARN_ABOUT_RETURN_TYPE = YES_ERROR;
				GCC_WARN_UNDECLARED_SELECTOR = YES;
				GCC_WARN_UNINITIALIZED_AUTOS = YES_AGGRESSIVE;
				GCC_WARN_UNUSED_FUNCTION = YES;
				GCC_WARN_UNUSED_VARIABLE = YES;
				IPHONEOS_DEPLOYMENT_TARGET = 10.0;
				MTL_ENABLE_DEBUG_INFO = NO;
				SDKROOT = iphoneos;
				SWIFT_OPTIMIZATION_LEVEL = "-Owholemodule";
				TARGETED_DEVICE_FAMILY = "1,2";
				VALIDATE_PRODUCT = YES;
			};
			name = Release;
		};
		149873DC1D5AEB610039ADF7 /* Debug */ = {
			isa = XCBuildConfiguration;
			buildSettings = {
				ASSETCATALOG_COMPILER_APPICON_NAME = AppIcon;
				INFOPLIST_FILE = TortoiseDemo/Info.plist;
				LD_RUNPATH_SEARCH_PATHS = "$(inherited) @executable_path/Frameworks";
				PRODUCT_BUNDLE_IDENTIFIER = com.temoki.TortoiseDemo;
				PRODUCT_NAME = "$(TARGET_NAME)";
				SWIFT_VERSION = 3.0;
			};
			name = Debug;
		};
		149873DD1D5AEB610039ADF7 /* Release */ = {
			isa = XCBuildConfiguration;
			buildSettings = {
				ASSETCATALOG_COMPILER_APPICON_NAME = AppIcon;
				INFOPLIST_FILE = TortoiseDemo/Info.plist;
				LD_RUNPATH_SEARCH_PATHS = "$(inherited) @executable_path/Frameworks";
				PRODUCT_BUNDLE_IDENTIFIER = com.temoki.TortoiseDemo;
				PRODUCT_NAME = "$(TARGET_NAME)";
				SWIFT_VERSION = 3.0;
			};
			name = Release;
		};
/* End XCBuildConfiguration section */

/* Begin XCConfigurationList section */
		149873C41D5AEB610039ADF7 /* Build configuration list for PBXProject "TortoiseDemo" */ = {
			isa = XCConfigurationList;
			buildConfigurations = (
				149873D91D5AEB610039ADF7 /* Debug */,
				149873DA1D5AEB610039ADF7 /* Release */,
			);
			defaultConfigurationIsVisible = 0;
			defaultConfigurationName = Release;
		};
		149873DB1D5AEB610039ADF7 /* Build configuration list for PBXNativeTarget "TortoiseDemo" */ = {
			isa = XCConfigurationList;
			buildConfigurations = (
				149873DC1D5AEB610039ADF7 /* Debug */,
				149873DD1D5AEB610039ADF7 /* Release */,
			);
			defaultConfigurationIsVisible = 0;
		};
/* End XCConfigurationList section */
	};
	rootObject = 149873C11D5AEB610039ADF7 /* Project object */;
}
